
Microsoft Visual Studio Solution File, Format Version 12.00
# Visual Studio 15
VisualStudioVersion = 15.0.27428.1
MinimumVisualStudioVersion = 10.0.40219.1
Project("{F184B08F-C81C-45F6-A57F-5ABD9991F28F}") = "Modul 1", "Modul1\Modul 1.vbproj", "{4404DAC0-93CC-4CF3-9E5D-4EF6CB1A3337}"
EndProject
Project("{F184B08F-C81C-45F6-A57F-5ABD9991F28F}") = "Modul 2", "Modul2\Modul 2.vbproj", "{2C99CA80-CACD-41D1-ADB2-C8C7D5F32959}"
EndProject
Global
	GlobalSection(SolutionConfigurationPlatforms) = preSolution
		Debug|Any CPU = Debug|Any CPU
		Release|Any CPU = Release|Any CPU
	EndGlobalSection
	GlobalSection(ProjectConfigurationPlatforms) = postSolution
		{4404DAC0-93CC-4CF3-9E5D-4EF6CB1A3337}.Debug|Any CPU.ActiveCfg = Debug|Any CPU
		{4404DAC0-93CC-4CF3-9E5D-4EF6CB1A3337}.Debug|Any CPU.Build.0 = Debug|Any CPU
		{4404DAC0-93CC-4CF3-9E5D-4EF6CB1A3337}.Release|Any CPU.ActiveCfg = Release|Any CPU
		{4404DAC0-93CC-4CF3-9E5D-4EF6CB1A3337}.Release|Any CPU.Build.0 = Release|Any CPU
		{2C99CA80-CACD-41D1-ADB2-C8C7D5F32959}.Debug|Any CPU.ActiveCfg = Debug|Any CPU
		{2C99CA80-CACD-41D1-ADB2-C8C7D5F32959}.Debug|Any CPU.Build.0 = Debug|Any CPU
		{2C99CA80-CACD-41D1-ADB2-C8C7D5F32959}.Release|Any CPU.ActiveCfg = Release|Any CPU
		{2C99CA80-CACD-41D1-ADB2-C8C7D5F32959}.Release|Any CPU.Build.0 = Release|Any CPU
	EndGlobalSection
	GlobalSection(SolutionProperties) = preSolution
		HideSolutionNode = FALSE
	EndGlobalSection
	GlobalSection(ExtensibilityGlobals) = postSolution
		SolutionGuid = {F2BE11A1-CE82-4606-A23F-CAD517299C75}
	EndGlobalSection
EndGlobal
